// !$*UTF8*$!
{
	archiveVersion = 1;
	classes = {
	};
	objectVersion = 56;
	objects = {

/* Begin PBXBuildFile section */
		AC18F8372CAB986A004E8868 /* DropdownMenu.swift in Sources */ = {isa = PBXBuildFile; fileRef = AC18F8362CAB986A004E8868 /* DropdownMenu.swift */; };
		AC18F8392CABA42D004E8868 /* AwardLabelView.swift in Sources */ = {isa = PBXBuildFile; fileRef = AC18F8382CABA42D004E8868 /* AwardLabelView.swift */; };
		AC18F83B2CABDA28004E8868 /* LocationService.swift in Sources */ = {isa = PBXBuildFile; fileRef = AC18F83A2CABDA28004E8868 /* LocationService.swift */; };
		AC18F83D2CABE203004E8868 /* NotoSerifHK-VariableFont_wght.ttf in Resources */ = {isa = PBXBuildFile; fileRef = AC18F83C2CABE203004E8868 /* NotoSerifHK-VariableFont_wght.ttf */; };
		AC18F83F2CAC5920004E8868 /* GoogleService-Info.plist in Resources */ = {isa = PBXBuildFile; fileRef = AC18F83E2CAC5920004E8868 /* GoogleService-Info.plist */; };
		AC18F8412CAD1200004E8868 /* ArticleTripViewController.swift in Sources */ = {isa = PBXBuildFile; fileRef = AC18F8402CAD11FF004E8868 /* ArticleTripViewController.swift */; };
		AC27ACAF2C91E16B00B73485 /* Alamofire in Frameworks */ = {isa = PBXBuildFile; productRef = AC27ACAE2C91E16B00B73485 /* Alamofire */; };
		AC27ACB22C91E17400B73485 /* SnapKit in Frameworks */ = {isa = PBXBuildFile; productRef = AC27ACB12C91E17400B73485 /* SnapKit */; };
		AC27ACB52C91E26900B73485 /* FirebaseAuth in Frameworks */ = {isa = PBXBuildFile; productRef = AC27ACB42C91E26900B73485 /* FirebaseAuth */; };
		AC27ACB72C91E26900B73485 /* FirebaseFirestore in Frameworks */ = {isa = PBXBuildFile; productRef = AC27ACB62C91E26900B73485 /* FirebaseFirestore */; };
		AC27ACB92C91E26900B73485 /* FirebaseStorage in Frameworks */ = {isa = PBXBuildFile; productRef = AC27ACB82C91E26900B73485 /* FirebaseStorage */; };
		AC27ACBB2C92FB2E00B73485 /* TabBarController.swift in Sources */ = {isa = PBXBuildFile; fileRef = AC27ACBA2C92FB2E00B73485 /* TabBarController.swift */; };
		AC27ACBD2C92FB9300B73485 /* CollectionsViewController.swift in Sources */ = {isa = PBXBuildFile; fileRef = AC27ACBC2C92FB9300B73485 /* CollectionsViewController.swift */; };
		AC27ACC12C92FF5A00B73485 /* EstablishViewController.swift in Sources */ = {isa = PBXBuildFile; fileRef = AC27ACC02C92FF5A00B73485 /* EstablishViewController.swift */; };
		AC27ACC32C93004C00B73485 /* NewsFeedViewController.swift in Sources */ = {isa = PBXBuildFile; fileRef = AC27ACC22C93004C00B73485 /* NewsFeedViewController.swift */; };
		AC27ACC52C93006A00B73485 /* UserViewController.swift in Sources */ = {isa = PBXBuildFile; fileRef = AC27ACC42C93006A00B73485 /* UserViewController.swift */; };
		AC7A2A432C93EA0A003FA811 /* LocationManager.swift in Sources */ = {isa = PBXBuildFile; fileRef = AC7A2A422C93EA0A003FA811 /* LocationManager.swift */; };
		AC7A2A472C943808003FA811 /* data.json in Resources */ = {isa = PBXBuildFile; fileRef = AC7A2A462C943808003FA811 /* data.json */; };
		AC7A2A492C94384D003FA811 /* DataModel.swift in Sources */ = {isa = PBXBuildFile; fileRef = AC7A2A482C94384D003FA811 /* DataModel.swift */; };
		AC7A2A4D2C943958003FA811 /* PlaceData.json in Resources */ = {isa = PBXBuildFile; fileRef = AC7A2A4C2C943958003FA811 /* PlaceData.json */; };
		AC7A2A4F2C949386003FA811 /* PopUpView.swift in Sources */ = {isa = PBXBuildFile; fileRef = AC7A2A4E2C949386003FA811 /* PopUpView.swift */; };
		AC7A2A512C957F87003FA811 /* Extension+UIStackView.swift in Sources */ = {isa = PBXBuildFile; fileRef = AC7A2A502C957F87003FA811 /* Extension+UIStackView.swift */; };
		AC7A2A532C9587F9003FA811 /* TripDetailViewController.swift in Sources */ = {isa = PBXBuildFile; fileRef = AC7A2A522C9587F9003FA811 /* TripDetailViewController.swift */; };
		AC7A2A552C9725AE003FA811 /* LoginViewController.swift in Sources */ = {isa = PBXBuildFile; fileRef = AC7A2A542C9725AE003FA811 /* LoginViewController.swift */; };
		AC7A2A572C97A606003FA811 /* FirstViewController.swift in Sources */ = {isa = PBXBuildFile; fileRef = AC7A2A562C97A606003FA811 /* FirstViewController.swift */; };
		AC7A2A592C97AF17003FA811 /* Extension+String.swift in Sources */ = {isa = PBXBuildFile; fileRef = AC7A2A582C97AF17003FA811 /* Extension+String.swift */; };
		AC7A2A5C2C97C59A003FA811 /* PostViewController.swift in Sources */ = {isa = PBXBuildFile; fileRef = AC7A2A5B2C97C59A003FA811 /* PostViewController.swift */; };
		AC7A2A662C97D28E003FA811 /* PostsTableViewCell.swift in Sources */ = {isa = PBXBuildFile; fileRef = AC7A2A652C97D28E003FA811 /* PostsTableViewCell.swift */; };
		AC7A2A6A2C9821E6003FA811 /* CollectionsTableViewCell.swift in Sources */ = {isa = PBXBuildFile; fileRef = AC7A2A692C9821E6003FA811 /* CollectionsTableViewCell.swift */; };
		AC7A2A6C2C984853003FA811 /* firebaseManager.swift in Sources */ = {isa = PBXBuildFile; fileRef = AC7A2A6B2C984853003FA811 /* firebaseManager.swift */; };
		AC7A2A742C99DEED003FA811 /* MJRefresh in Frameworks */ = {isa = PBXBuildFile; productRef = AC7A2A732C99DEED003FA811 /* MJRefresh */; };
		AC7A2A762C9A6857003FA811 /* ArticleViewController.swift in Sources */ = {isa = PBXBuildFile; fileRef = AC7A2A752C9A6857003FA811 /* ArticleViewController.swift */; };
		AC7A2A782C9A6ACE003FA811 /* TestFile.swift in Sources */ = {isa = PBXBuildFile; fileRef = AC7A2A772C9A6ACE003FA811 /* TestFile.swift */; };
		AC7A2A7F2C9A9ECF003FA811 /* IQKeyboardManagerSwift in Frameworks */ = {isa = PBXBuildFile; productRef = AC7A2A7E2C9A9ECF003FA811 /* IQKeyboardManagerSwift */; };
		AC7A2A812C9AB40C003FA811 /* StyleTableViewCell.swift in Sources */ = {isa = PBXBuildFile; fileRef = AC7A2A802C9AB40C003FA811 /* StyleTableViewCell.swift */; };
		AC7A2A832C9AE4C3003FA811 /* TripDetailWithPlaceTableViewCell.swift in Sources */ = {isa = PBXBuildFile; fileRef = AC7A2A822C9AE4C3003FA811 /* TripDetailWithPlaceTableViewCell.swift */; };
		AC7A2A852C9C4C97003FA811 /* UserTableViewCell.swift in Sources */ = {isa = PBXBuildFile; fileRef = AC7A2A842C9C4C97003FA811 /* UserTableViewCell.swift */; };
		AC7A2A892C9D1C92003FA811 /* DateManager.swift in Sources */ = {isa = PBXBuildFile; fileRef = AC7A2A882C9D1C92003FA811 /* DateManager.swift */; };
		AC7A2A8B2C9D5E47003FA811 /* CommentTableViewCell.swift in Sources */ = {isa = PBXBuildFile; fileRef = AC7A2A8A2C9D5E47003FA811 /* CommentTableViewCell.swift */; };
		AC7A2A8E2C9F23B1003FA811 /* Kingfisher in Frameworks */ = {isa = PBXBuildFile; productRef = AC7A2A8D2C9F23B1003FA811 /* Kingfisher */; };
		AC9775602CA3004C00EF828A /* UserProfileViewController.swift in Sources */ = {isa = PBXBuildFile; fileRef = AC97755F2CA3004C00EF828A /* UserProfileViewController.swift */; };
		AC9775662CA43B4900EF828A /* TestVC.swift in Sources */ = {isa = PBXBuildFile; fileRef = AC9775652CA43B4900EF828A /* TestVC.swift */; };
		AC97756C2CA45DE500EF828A /* poemLocationNLP3.mlmodel in Sources */ = {isa = PBXBuildFile; fileRef = AC97756B2CA45DE400EF828A /* poemLocationNLP3.mlmodel */; };
		AC97756F2CA5501A00EF828A /* PlaceDataManager.swift in Sources */ = {isa = PBXBuildFile; fileRef = AC97756E2CA5501A00EF828A /* PlaceDataManager.swift */; };
		AC9775712CA551CB00EF828A /* Config.plist in Resources */ = {isa = PBXBuildFile; fileRef = AC9775702CA551CB00EF828A /* Config.plist */; };
		AC9775732CA6F08B00EF828A /* PhotoUploadViewController.swift in Sources */ = {isa = PBXBuildFile; fileRef = AC9775722CA6F08A00EF828A /* PhotoUploadViewController.swift */; };
		AC9775752CA7E22100EF828A /* MapViewController.swift in Sources */ = {isa = PBXBuildFile; fileRef = AC9775742CA7E22100EF828A /* MapViewController.swift */; };
		AC9775772CA9831C00EF828A /* TripCallOutView.swift in Sources */ = {isa = PBXBuildFile; fileRef = AC9775762CA9831C00EF828A /* TripCallOutView.swift */; };
		AC9775792CA987F900EF828A /* AwardsViewController.swift in Sources */ = {isa = PBXBuildFile; fileRef = AC9775782CA987F900EF828A /* AwardsViewController.swift */; };
		AC97757B2CA9899200EF828A /* AwardTableViewCell.swift in Sources */ = {isa = PBXBuildFile; fileRef = AC97757A2CA9899200EF828A /* AwardTableViewCell.swift */; };
		AC97757D2CA98F5F00EF828A /* MilestoneProgressView.swift in Sources */ = {isa = PBXBuildFile; fileRef = AC97757C2CA98F5F00EF828A /* MilestoneProgressView.swift */; };
		ACFCA3512C916C8F00643A2E /* AppDelegate.swift in Sources */ = {isa = PBXBuildFile; fileRef = ACFCA3502C916C8F00643A2E /* AppDelegate.swift */; };
		ACFCA3532C916C8F00643A2E /* SceneDelegate.swift in Sources */ = {isa = PBXBuildFile; fileRef = ACFCA3522C916C8F00643A2E /* SceneDelegate.swift */; };
		ACFCA3552C916C8F00643A2E /* HomeViewController.swift in Sources */ = {isa = PBXBuildFile; fileRef = ACFCA3542C916C8F00643A2E /* HomeViewController.swift */; };
		ACFCA3582C916C8F00643A2E /* Base in Resources */ = {isa = PBXBuildFile; fileRef = ACFCA3572C916C8F00643A2E /* Base */; };
		ACFCA35B2C916C8F00643A2E /* RoaMuse.xcdatamodeld in Sources */ = {isa = PBXBuildFile; fileRef = ACFCA3592C916C8F00643A2E /* RoaMuse.xcdatamodeld */; };
		ACFCA35D2C916C9000643A2E /* Assets.xcassets in Resources */ = {isa = PBXBuildFile; fileRef = ACFCA35C2C916C9000643A2E /* Assets.xcassets */; };
		ACFCA3602C916C9000643A2E /* Base in Resources */ = {isa = PBXBuildFile; fileRef = ACFCA35F2C916C9000643A2E /* Base */; };
		ACFCA36B2C916C9000643A2E /* RoaMuseTests.swift in Sources */ = {isa = PBXBuildFile; fileRef = ACFCA36A2C916C9000643A2E /* RoaMuseTests.swift */; };
		ACFCA3752C916C9000643A2E /* RoaMuseUITests.swift in Sources */ = {isa = PBXBuildFile; fileRef = ACFCA3742C916C9000643A2E /* RoaMuseUITests.swift */; };
		ACFCA3772C916C9000643A2E /* RoaMuseUITestsLaunchTests.swift in Sources */ = {isa = PBXBuildFile; fileRef = ACFCA3762C916C9000643A2E /* RoaMuseUITestsLaunchTests.swift */; };
/* End PBXBuildFile section */

/* Begin PBXContainerItemProxy section */
		ACFCA3672C916C9000643A2E /* PBXContainerItemProxy */ = {
			isa = PBXContainerItemProxy;
			containerPortal = ACFCA3452C916C8F00643A2E /* Project object */;
			proxyType = 1;
			remoteGlobalIDString = ACFCA34C2C916C8F00643A2E;
			remoteInfo = RoaMuse;
		};
		ACFCA3712C916C9000643A2E /* PBXContainerItemProxy */ = {
			isa = PBXContainerItemProxy;
			containerPortal = ACFCA3452C916C8F00643A2E /* Project object */;
			proxyType = 1;
			remoteGlobalIDString = ACFCA34C2C916C8F00643A2E;
			remoteInfo = RoaMuse;
		};
/* End PBXContainerItemProxy section */

/* Begin PBXFileReference section */
		AC18F8362CAB986A004E8868 /* DropdownMenu.swift */ = {isa = PBXFileReference; lastKnownFileType = sourcecode.swift; path = DropdownMenu.swift; sourceTree = "<group>"; };
		AC18F8382CABA42D004E8868 /* AwardLabelView.swift */ = {isa = PBXFileReference; lastKnownFileType = sourcecode.swift; path = AwardLabelView.swift; sourceTree = "<group>"; };
		AC18F83A2CABDA28004E8868 /* LocationService.swift */ = {isa = PBXFileReference; lastKnownFileType = sourcecode.swift; path = LocationService.swift; sourceTree = "<group>"; };
		AC18F83C2CABE203004E8868 /* NotoSerifHK-VariableFont_wght.ttf */ = {isa = PBXFileReference; lastKnownFileType = file; path = "NotoSerifHK-VariableFont_wght.ttf"; sourceTree = "<group>"; };
		AC18F83E2CAC5920004E8868 /* GoogleService-Info.plist */ = {isa = PBXFileReference; fileEncoding = 4; lastKnownFileType = text.plist.xml; path = "GoogleService-Info.plist"; sourceTree = "<group>"; };
		AC18F8402CAD11FF004E8868 /* ArticleTripViewController.swift */ = {isa = PBXFileReference; lastKnownFileType = sourcecode.swift; path = ArticleTripViewController.swift; sourceTree = "<group>"; };
		AC27ACBA2C92FB2E00B73485 /* TabBarController.swift */ = {isa = PBXFileReference; lastKnownFileType = sourcecode.swift; path = TabBarController.swift; sourceTree = "<group>"; };
		AC27ACBC2C92FB9300B73485 /* CollectionsViewController.swift */ = {isa = PBXFileReference; lastKnownFileType = sourcecode.swift; path = CollectionsViewController.swift; sourceTree = "<group>"; };
		AC27ACC02C92FF5A00B73485 /* EstablishViewController.swift */ = {isa = PBXFileReference; lastKnownFileType = sourcecode.swift; path = EstablishViewController.swift; sourceTree = "<group>"; };
		AC27ACC22C93004C00B73485 /* NewsFeedViewController.swift */ = {isa = PBXFileReference; lastKnownFileType = sourcecode.swift; path = NewsFeedViewController.swift; sourceTree = "<group>"; };
		AC27ACC42C93006A00B73485 /* UserViewController.swift */ = {isa = PBXFileReference; lastKnownFileType = sourcecode.swift; path = UserViewController.swift; sourceTree = "<group>"; };
		AC7A2A422C93EA0A003FA811 /* LocationManager.swift */ = {isa = PBXFileReference; lastKnownFileType = sourcecode.swift; path = LocationManager.swift; sourceTree = "<group>"; };
		AC7A2A462C943808003FA811 /* data.json */ = {isa = PBXFileReference; lastKnownFileType = text.json; path = data.json; sourceTree = "<group>"; };
		AC7A2A482C94384D003FA811 /* DataModel.swift */ = {isa = PBXFileReference; lastKnownFileType = sourcecode.swift; path = DataModel.swift; sourceTree = "<group>"; };
		AC7A2A4C2C943958003FA811 /* PlaceData.json */ = {isa = PBXFileReference; lastKnownFileType = text.json; path = PlaceData.json; sourceTree = "<group>"; };
		AC7A2A4E2C949386003FA811 /* PopUpView.swift */ = {isa = PBXFileReference; lastKnownFileType = sourcecode.swift; path = PopUpView.swift; sourceTree = "<group>"; };
		AC7A2A502C957F87003FA811 /* Extension+UIStackView.swift */ = {isa = PBXFileReference; lastKnownFileType = sourcecode.swift; path = "Extension+UIStackView.swift"; sourceTree = "<group>"; };
		AC7A2A522C9587F9003FA811 /* TripDetailViewController.swift */ = {isa = PBXFileReference; lastKnownFileType = sourcecode.swift; path = TripDetailViewController.swift; sourceTree = "<group>"; };
		AC7A2A542C9725AE003FA811 /* LoginViewController.swift */ = {isa = PBXFileReference; lastKnownFileType = sourcecode.swift; path = LoginViewController.swift; sourceTree = "<group>"; };
		AC7A2A562C97A606003FA811 /* FirstViewController.swift */ = {isa = PBXFileReference; lastKnownFileType = sourcecode.swift; path = FirstViewController.swift; sourceTree = "<group>"; };
		AC7A2A582C97AF17003FA811 /* Extension+String.swift */ = {isa = PBXFileReference; lastKnownFileType = sourcecode.swift; path = "Extension+String.swift"; sourceTree = "<group>"; };
		AC7A2A5B2C97C59A003FA811 /* PostViewController.swift */ = {isa = PBXFileReference; lastKnownFileType = sourcecode.swift; path = PostViewController.swift; sourceTree = "<group>"; };
		AC7A2A652C97D28E003FA811 /* PostsTableViewCell.swift */ = {isa = PBXFileReference; lastKnownFileType = sourcecode.swift; path = PostsTableViewCell.swift; sourceTree = "<group>"; };
		AC7A2A692C9821E6003FA811 /* CollectionsTableViewCell.swift */ = {isa = PBXFileReference; lastKnownFileType = sourcecode.swift; path = CollectionsTableViewCell.swift; sourceTree = "<group>"; };
		AC7A2A6B2C984853003FA811 /* firebaseManager.swift */ = {isa = PBXFileReference; fileEncoding = 4; lastKnownFileType = sourcecode.swift; name = firebaseManager.swift; path = ../../../Downloads/firebaseManager.swift; sourceTree = "<group>"; };
		AC7A2A752C9A6857003FA811 /* ArticleViewController.swift */ = {isa = PBXFileReference; lastKnownFileType = sourcecode.swift; path = ArticleViewController.swift; sourceTree = "<group>"; };
		AC7A2A772C9A6ACE003FA811 /* TestFile.swift */ = {isa = PBXFileReference; lastKnownFileType = sourcecode.swift; path = TestFile.swift; sourceTree = "<group>"; };
		AC7A2A802C9AB40C003FA811 /* StyleTableViewCell.swift */ = {isa = PBXFileReference; lastKnownFileType = sourcecode.swift; path = StyleTableViewCell.swift; sourceTree = "<group>"; };
		AC7A2A822C9AE4C3003FA811 /* TripDetailWithPlaceTableViewCell.swift */ = {isa = PBXFileReference; lastKnownFileType = sourcecode.swift; path = TripDetailWithPlaceTableViewCell.swift; sourceTree = "<group>"; };
		AC7A2A842C9C4C97003FA811 /* UserTableViewCell.swift */ = {isa = PBXFileReference; lastKnownFileType = sourcecode.swift; path = UserTableViewCell.swift; sourceTree = "<group>"; };
		AC7A2A882C9D1C92003FA811 /* DateManager.swift */ = {isa = PBXFileReference; lastKnownFileType = sourcecode.swift; path = DateManager.swift; sourceTree = "<group>"; };
		AC7A2A8A2C9D5E47003FA811 /* CommentTableViewCell.swift */ = {isa = PBXFileReference; lastKnownFileType = sourcecode.swift; path = CommentTableViewCell.swift; sourceTree = "<group>"; };
		AC97755E2CA2472300EF828A /* RoaMuse.entitlements */ = {isa = PBXFileReference; lastKnownFileType = text.plist.entitlements; path = RoaMuse.entitlements; sourceTree = "<group>"; };
		AC97755F2CA3004C00EF828A /* UserProfileViewController.swift */ = {isa = PBXFileReference; lastKnownFileType = sourcecode.swift; path = UserProfileViewController.swift; sourceTree = "<group>"; };
		AC9775652CA43B4900EF828A /* TestVC.swift */ = {isa = PBXFileReference; lastKnownFileType = sourcecode.swift; path = TestVC.swift; sourceTree = "<group>"; };
		AC97756B2CA45DE400EF828A /* poemLocationNLP3.mlmodel */ = {isa = PBXFileReference; lastKnownFileType = file.mlmodel; name = poemLocationNLP3.mlmodel; path = ../../../poemLocationNLP3.mlmodel; sourceTree = "<group>"; };
		AC97756D2CA52A9300EF828A /* Config.xcconfig */ = {isa = PBXFileReference; lastKnownFileType = text.xcconfig; path = Config.xcconfig; sourceTree = "<group>"; };
		AC97756E2CA5501A00EF828A /* PlaceDataManager.swift */ = {isa = PBXFileReference; lastKnownFileType = sourcecode.swift; path = PlaceDataManager.swift; sourceTree = "<group>"; };
		AC9775702CA551CB00EF828A /* Config.plist */ = {isa = PBXFileReference; lastKnownFileType = text.plist.xml; path = Config.plist; sourceTree = "<group>"; };
		AC9775722CA6F08A00EF828A /* PhotoUploadViewController.swift */ = {isa = PBXFileReference; lastKnownFileType = sourcecode.swift; path = PhotoUploadViewController.swift; sourceTree = "<group>"; };
		AC9775742CA7E22100EF828A /* MapViewController.swift */ = {isa = PBXFileReference; lastKnownFileType = sourcecode.swift; path = MapViewController.swift; sourceTree = "<group>"; };
		AC9775762CA9831C00EF828A /* TripCallOutView.swift */ = {isa = PBXFileReference; lastKnownFileType = sourcecode.swift; path = TripCallOutView.swift; sourceTree = "<group>"; };
		AC9775782CA987F900EF828A /* AwardsViewController.swift */ = {isa = PBXFileReference; lastKnownFileType = sourcecode.swift; path = AwardsViewController.swift; sourceTree = "<group>"; };
		AC97757A2CA9899200EF828A /* AwardTableViewCell.swift */ = {isa = PBXFileReference; lastKnownFileType = sourcecode.swift; path = AwardTableViewCell.swift; sourceTree = "<group>"; };
		AC97757C2CA98F5F00EF828A /* MilestoneProgressView.swift */ = {isa = PBXFileReference; lastKnownFileType = sourcecode.swift; path = MilestoneProgressView.swift; sourceTree = "<group>"; };
		ACFCA34D2C916C8F00643A2E /* RoaMuse.app */ = {isa = PBXFileReference; explicitFileType = wrapper.application; includeInIndex = 0; path = RoaMuse.app; sourceTree = BUILT_PRODUCTS_DIR; };
		ACFCA3502C916C8F00643A2E /* AppDelegate.swift */ = {isa = PBXFileReference; lastKnownFileType = sourcecode.swift; path = AppDelegate.swift; sourceTree = "<group>"; };
		ACFCA3522C916C8F00643A2E /* SceneDelegate.swift */ = {isa = PBXFileReference; lastKnownFileType = sourcecode.swift; path = SceneDelegate.swift; sourceTree = "<group>"; };
		ACFCA3542C916C8F00643A2E /* HomeViewController.swift */ = {isa = PBXFileReference; lastKnownFileType = sourcecode.swift; path = HomeViewController.swift; sourceTree = "<group>"; };
		ACFCA3572C916C8F00643A2E /* Base */ = {isa = PBXFileReference; lastKnownFileType = file.storyboard; name = Base; path = Base.lproj/Main.storyboard; sourceTree = "<group>"; };
		ACFCA35A2C916C8F00643A2E /* RoaMuse.xcdatamodel */ = {isa = PBXFileReference; lastKnownFileType = wrapper.xcdatamodel; path = RoaMuse.xcdatamodel; sourceTree = "<group>"; };
		ACFCA35C2C916C9000643A2E /* Assets.xcassets */ = {isa = PBXFileReference; lastKnownFileType = folder.assetcatalog; path = Assets.xcassets; sourceTree = "<group>"; };
		ACFCA35F2C916C9000643A2E /* Base */ = {isa = PBXFileReference; lastKnownFileType = file.storyboard; name = Base; path = Base.lproj/LaunchScreen.storyboard; sourceTree = "<group>"; };
		ACFCA3612C916C9000643A2E /* Info.plist */ = {isa = PBXFileReference; lastKnownFileType = text.plist.xml; path = Info.plist; sourceTree = "<group>"; };
		ACFCA3662C916C9000643A2E /* RoaMuseTests.xctest */ = {isa = PBXFileReference; explicitFileType = wrapper.cfbundle; includeInIndex = 0; path = RoaMuseTests.xctest; sourceTree = BUILT_PRODUCTS_DIR; };
		ACFCA36A2C916C9000643A2E /* RoaMuseTests.swift */ = {isa = PBXFileReference; lastKnownFileType = sourcecode.swift; path = RoaMuseTests.swift; sourceTree = "<group>"; };
		ACFCA3702C916C9000643A2E /* RoaMuseUITests.xctest */ = {isa = PBXFileReference; explicitFileType = wrapper.cfbundle; includeInIndex = 0; path = RoaMuseUITests.xctest; sourceTree = BUILT_PRODUCTS_DIR; };
		ACFCA3742C916C9000643A2E /* RoaMuseUITests.swift */ = {isa = PBXFileReference; lastKnownFileType = sourcecode.swift; path = RoaMuseUITests.swift; sourceTree = "<group>"; };
		ACFCA3762C916C9000643A2E /* RoaMuseUITestsLaunchTests.swift */ = {isa = PBXFileReference; lastKnownFileType = sourcecode.swift; path = RoaMuseUITestsLaunchTests.swift; sourceTree = "<group>"; };
/* End PBXFileReference section */

/* Begin PBXFrameworksBuildPhase section */
		ACFCA34A2C916C8F00643A2E /* Frameworks */ = {
			isa = PBXFrameworksBuildPhase;
			buildActionMask = 2147483647;
			files = (
				AC7A2A7F2C9A9ECF003FA811 /* IQKeyboardManagerSwift in Frameworks */,
				AC27ACAF2C91E16B00B73485 /* Alamofire in Frameworks */,
				AC7A2A742C99DEED003FA811 /* MJRefresh in Frameworks */,
				AC27ACB72C91E26900B73485 /* FirebaseFirestore in Frameworks */,
				AC7A2A8E2C9F23B1003FA811 /* Kingfisher in Frameworks */,
				AC27ACB52C91E26900B73485 /* FirebaseAuth in Frameworks */,
				AC27ACB92C91E26900B73485 /* FirebaseStorage in Frameworks */,
				AC27ACB22C91E17400B73485 /* SnapKit in Frameworks */,
			);
			runOnlyForDeploymentPostprocessing = 0;
		};
		ACFCA3632C916C9000643A2E /* Frameworks */ = {
			isa = PBXFrameworksBuildPhase;
			buildActionMask = 2147483647;
			files = (
			);
			runOnlyForDeploymentPostprocessing = 0;
		};
		ACFCA36D2C916C9000643A2E /* Frameworks */ = {
			isa = PBXFrameworksBuildPhase;
			buildActionMask = 2147483647;
			files = (
			);
			runOnlyForDeploymentPostprocessing = 0;
		};
/* End PBXFrameworksBuildPhase section */

/* Begin PBXGroup section */
		AC7A2A5D2C97C5A7003FA811 /* HomeVC */ = {
			isa = PBXGroup;
			children = (
				ACFCA3542C916C8F00643A2E /* HomeViewController.swift */,
			);
			path = HomeVC;
			sourceTree = "<group>";
		};
		AC7A2A5F2C97C5E9003FA811 /* CollectionVC */ = {
			isa = PBXGroup;
			children = (
				AC7A2A692C9821E6003FA811 /* CollectionsTableViewCell.swift */,
				AC27ACBC2C92FB9300B73485 /* CollectionsViewController.swift */,
			);
			path = CollectionVC;
			sourceTree = "<group>";
		};
		AC7A2A602C97C607003FA811 /* EstablishVC */ = {
			isa = PBXGroup;
			children = (
				AC27ACC02C92FF5A00B73485 /* EstablishViewController.swift */,
				AC7A2A802C9AB40C003FA811 /* StyleTableViewCell.swift */,
			);
			path = EstablishVC;
			sourceTree = "<group>";
		};
		AC7A2A612C97C610003FA811 /* NewsFeedVC */ = {
			isa = PBXGroup;
			children = (
				AC27ACC22C93004C00B73485 /* NewsFeedViewController.swift */,
				AC7A2A652C97D28E003FA811 /* PostsTableViewCell.swift */,
				AC7A2A752C9A6857003FA811 /* ArticleViewController.swift */,
				AC7A2A8A2C9D5E47003FA811 /* CommentTableViewCell.swift */,
			);
			path = NewsFeedVC;
			sourceTree = "<group>";
		};
		AC7A2A622C97C635003FA811 /* Model */ = {
			isa = PBXGroup;
			children = (
				AC7A2A482C94384D003FA811 /* DataModel.swift */,
			);
			path = Model;
			sourceTree = "<group>";
		};
		AC7A2A632C97C63D003FA811 /* Manager */ = {
			isa = PBXGroup;
			children = (
				AC7A2A882C9D1C92003FA811 /* DateManager.swift */,
				AC18F83A2CABDA28004E8868 /* LocationService.swift */,
				AC7A2A6B2C984853003FA811 /* firebaseManager.swift */,
				AC7A2A422C93EA0A003FA811 /* LocationManager.swift */,
				AC7A2A4C2C943958003FA811 /* PlaceData.json */,
				AC7A2A462C943808003FA811 /* data.json */,
				AC7A2A772C9A6ACE003FA811 /* TestFile.swift */,
			);
			path = Manager;
			sourceTree = "<group>";
		};
		AC7A2A642C97C667003FA811 /* UserVC */ = {
			isa = PBXGroup;
			children = (
				AC18F8362CAB986A004E8868 /* DropdownMenu.swift */,
				AC97757C2CA98F5F00EF828A /* MilestoneProgressView.swift */,
				AC97757A2CA9899200EF828A /* AwardTableViewCell.swift */,
				AC9775782CA987F900EF828A /* AwardsViewController.swift */,
				AC18F8382CABA42D004E8868 /* AwardLabelView.swift */,
				AC27ACC42C93006A00B73485 /* UserViewController.swift */,
				AC9775742CA7E22100EF828A /* MapViewController.swift */,
			);
			path = UserVC;
			sourceTree = "<group>";
		};
		ACFCA3442C916C8F00643A2E = {
			isa = PBXGroup;
			children = (
				AC18F8402CAD11FF004E8868 /* ArticleTripViewController.swift */,
				AC18F83C2CABE203004E8868 /* NotoSerifHK-VariableFont_wght.ttf */,
				AC9775762CA9831C00EF828A /* TripCallOutView.swift */,
				AC9775722CA6F08A00EF828A /* PhotoUploadViewController.swift */,
				AC97756E2CA5501A00EF828A /* PlaceDataManager.swift */,
				AC9775702CA551CB00EF828A /* Config.plist */,
				AC97756D2CA52A9300EF828A /* Config.xcconfig */,
				AC9775652CA43B4900EF828A /* TestVC.swift */,
				AC97755F2CA3004C00EF828A /* UserProfileViewController.swift */,
				AC7A2A842C9C4C97003FA811 /* UserTableViewCell.swift */,
				ACFCA35C2C916C9000643A2E /* Assets.xcassets */,
				AC7A2A642C97C667003FA811 /* UserVC */,
				AC7A2A632C97C63D003FA811 /* Manager */,
				AC7A2A622C97C635003FA811 /* Model */,
				AC7A2A612C97C610003FA811 /* NewsFeedVC */,
				AC7A2A602C97C607003FA811 /* EstablishVC */,
				AC7A2A542C9725AE003FA811 /* LoginViewController.swift */,
				AC7A2A582C97AF17003FA811 /* Extension+String.swift */,
				AC7A2A562C97A606003FA811 /* FirstViewController.swift */,
				AC7A2A822C9AE4C3003FA811 /* TripDetailWithPlaceTableViewCell.swift */,
				AC7A2A522C9587F9003FA811 /* TripDetailViewController.swift */,
				AC7A2A502C957F87003FA811 /* Extension+UIStackView.swift */,
				AC7A2A5F2C97C5E9003FA811 /* CollectionVC */,
				AC7A2A5D2C97C5A7003FA811 /* HomeVC */,
				ACFCA34F2C916C8F00643A2E /* RoaMuse */,
				ACFCA3692C916C9000643A2E /* RoaMuseTests */,
				ACFCA3732C916C9000643A2E /* RoaMuseUITests */,
				ACFCA34E2C916C8F00643A2E /* Products */,
			);
			sourceTree = "<group>";
		};
		ACFCA34E2C916C8F00643A2E /* Products */ = {
			isa = PBXGroup;
			children = (
				ACFCA34D2C916C8F00643A2E /* RoaMuse.app */,
				ACFCA3662C916C9000643A2E /* RoaMuseTests.xctest */,
				ACFCA3702C916C9000643A2E /* RoaMuseUITests.xctest */,
			);
			name = Products;
			sourceTree = "<group>";
		};
		ACFCA34F2C916C8F00643A2E /* RoaMuse */ = {
			isa = PBXGroup;
			children = (
				AC97755E2CA2472300EF828A /* RoaMuse.entitlements */,
				AC97756B2CA45DE400EF828A /* poemLocationNLP3.mlmodel */,
				AC7A2A4E2C949386003FA811 /* PopUpView.swift */,
				ACFCA3502C916C8F00643A2E /* AppDelegate.swift */,
				ACFCA3522C916C8F00643A2E /* SceneDelegate.swift */,
				AC27ACBA2C92FB2E00B73485 /* TabBarController.swift */,
				AC7A2A5B2C97C59A003FA811 /* PostViewController.swift */,
				ACFCA3562C916C8F00643A2E /* Main.storyboard */,
				ACFCA35E2C916C9000643A2E /* LaunchScreen.storyboard */,
				ACFCA3612C916C9000643A2E /* Info.plist */,
				AC18F83E2CAC5920004E8868 /* GoogleService-Info.plist */,
				ACFCA3592C916C8F00643A2E /* RoaMuse.xcdatamodeld */,
			);
			path = RoaMuse;
			sourceTree = "<group>";
		};
		ACFCA3692C916C9000643A2E /* RoaMuseTests */ = {
			isa = PBXGroup;
			children = (
				ACFCA36A2C916C9000643A2E /* RoaMuseTests.swift */,
			);
			path = RoaMuseTests;
			sourceTree = "<group>";
		};
		ACFCA3732C916C9000643A2E /* RoaMuseUITests */ = {
			isa = PBXGroup;
			children = (
				ACFCA3742C916C9000643A2E /* RoaMuseUITests.swift */,
				ACFCA3762C916C9000643A2E /* RoaMuseUITestsLaunchTests.swift */,
			);
			path = RoaMuseUITests;
			sourceTree = "<group>";
		};
/* End PBXGroup section */

/* Begin PBXNativeTarget section */
		ACFCA34C2C916C8F00643A2E /* RoaMuse */ = {
			isa = PBXNativeTarget;
			buildConfigurationList = ACFCA37A2C916C9000643A2E /* Build configuration list for PBXNativeTarget "RoaMuse" */;
			buildPhases = (
				ACFCA3492C916C8F00643A2E /* Sources */,
				ACFCA34A2C916C8F00643A2E /* Frameworks */,
				ACFCA34B2C916C8F00643A2E /* Resources */,
				AC7A2A5A2C97BDC6003FA811 /* Run Script */,
			);
			buildRules = (
			);
			dependencies = (
			);
			name = RoaMuse;
			packageProductDependencies = (
				AC27ACAE2C91E16B00B73485 /* Alamofire */,
				AC27ACB12C91E17400B73485 /* SnapKit */,
				AC27ACB42C91E26900B73485 /* FirebaseAuth */,
				AC27ACB62C91E26900B73485 /* FirebaseFirestore */,
				AC27ACB82C91E26900B73485 /* FirebaseStorage */,
				AC7A2A732C99DEED003FA811 /* MJRefresh */,
				AC7A2A7E2C9A9ECF003FA811 /* IQKeyboardManagerSwift */,
				AC7A2A8D2C9F23B1003FA811 /* Kingfisher */,
			);
			productName = RoaMuse;
			productReference = ACFCA34D2C916C8F00643A2E /* RoaMuse.app */;
			productType = "com.apple.product-type.application";
		};
		ACFCA3652C916C9000643A2E /* RoaMuseTests */ = {
			isa = PBXNativeTarget;
			buildConfigurationList = ACFCA37D2C916C9000643A2E /* Build configuration list for PBXNativeTarget "RoaMuseTests" */;
			buildPhases = (
				ACFCA3622C916C9000643A2E /* Sources */,
				ACFCA3632C916C9000643A2E /* Frameworks */,
				ACFCA3642C916C9000643A2E /* Resources */,
			);
			buildRules = (
			);
			dependencies = (
				ACFCA3682C916C9000643A2E /* PBXTargetDependency */,
			);
			name = RoaMuseTests;
			productName = RoaMuseTests;
			productReference = ACFCA3662C916C9000643A2E /* RoaMuseTests.xctest */;
			productType = "com.apple.product-type.bundle.unit-test";
		};
		ACFCA36F2C916C9000643A2E /* RoaMuseUITests */ = {
			isa = PBXNativeTarget;
			buildConfigurationList = ACFCA3802C916C9000643A2E /* Build configuration list for PBXNativeTarget "RoaMuseUITests" */;
			buildPhases = (
				ACFCA36C2C916C9000643A2E /* Sources */,
				ACFCA36D2C916C9000643A2E /* Frameworks */,
				ACFCA36E2C916C9000643A2E /* Resources */,
			);
			buildRules = (
			);
			dependencies = (
				ACFCA3722C916C9000643A2E /* PBXTargetDependency */,
			);
			name = RoaMuseUITests;
			productName = RoaMuseUITests;
			productReference = ACFCA3702C916C9000643A2E /* RoaMuseUITests.xctest */;
			productType = "com.apple.product-type.bundle.ui-testing";
		};
/* End PBXNativeTarget section */

/* Begin PBXProject section */
		ACFCA3452C916C8F00643A2E /* Project object */ = {
			isa = PBXProject;
			attributes = {
				BuildIndependentTargetsInParallel = 1;
				LastSwiftUpdateCheck = 1540;
				LastUpgradeCheck = 1540;
				TargetAttributes = {
					ACFCA34C2C916C8F00643A2E = {
						CreatedOnToolsVersion = 15.4;
					};
					ACFCA3652C916C9000643A2E = {
						CreatedOnToolsVersion = 15.4;
						TestTargetID = ACFCA34C2C916C8F00643A2E;
					};
					ACFCA36F2C916C9000643A2E = {
						CreatedOnToolsVersion = 15.4;
						TestTargetID = ACFCA34C2C916C8F00643A2E;
					};
				};
			};
			buildConfigurationList = ACFCA3482C916C8F00643A2E /* Build configuration list for PBXProject "RoaMuse" */;
			compatibilityVersion = "Xcode 14.0";
			developmentRegion = en;
			hasScannedForEncodings = 0;
			knownRegions = (
				en,
				Base,
			);
			mainGroup = ACFCA3442C916C8F00643A2E;
			packageReferences = (
				AC27ACAD2C91E16B00B73485 /* XCRemoteSwiftPackageReference "Alamofire" */,
				AC27ACB02C91E17400B73485 /* XCRemoteSwiftPackageReference "SnapKit" */,
				AC27ACB32C91E26900B73485 /* XCRemoteSwiftPackageReference "firebase-ios-sdk" */,
				AC7A2A722C99DEED003FA811 /* XCRemoteSwiftPackageReference "MJRefresh" */,
				AC7A2A7D2C9A9ECF003FA811 /* XCRemoteSwiftPackageReference "IQKeyboardManager" */,
				AC7A2A8C2C9F23B1003FA811 /* XCRemoteSwiftPackageReference "Kingfisher" */,
			);
			productRefGroup = ACFCA34E2C916C8F00643A2E /* Products */;
			projectDirPath = "";
			projectRoot = "";
			targets = (
				ACFCA34C2C916C8F00643A2E /* RoaMuse */,
				ACFCA3652C916C9000643A2E /* RoaMuseTests */,
				ACFCA36F2C916C9000643A2E /* RoaMuseUITests */,
			);
		};
/* End PBXProject section */

/* Begin PBXResourcesBuildPhase section */
		ACFCA34B2C916C8F00643A2E /* Resources */ = {
			isa = PBXResourcesBuildPhase;
			buildActionMask = 2147483647;
			files = (
				ACFCA35D2C916C9000643A2E /* Assets.xcassets in Resources */,
				AC18F83F2CAC5920004E8868 /* GoogleService-Info.plist in Resources */,
				ACFCA3602C916C9000643A2E /* Base in Resources */,
				AC7A2A472C943808003FA811 /* data.json in Resources */,
				ACFCA3582C916C8F00643A2E /* Base in Resources */,
				AC18F83D2CABE203004E8868 /* NotoSerifHK-VariableFont_wght.ttf in Resources */,
				AC7A2A4D2C943958003FA811 /* PlaceData.json in Resources */,
				AC9775712CA551CB00EF828A /* Config.plist in Resources */,
			);
			runOnlyForDeploymentPostprocessing = 0;
		};
		ACFCA3642C916C9000643A2E /* Resources */ = {
			isa = PBXResourcesBuildPhase;
			buildActionMask = 2147483647;
			files = (
			);
			runOnlyForDeploymentPostprocessing = 0;
		};
		ACFCA36E2C916C9000643A2E /* Resources */ = {
			isa = PBXResourcesBuildPhase;
			buildActionMask = 2147483647;
			files = (
			);
			runOnlyForDeploymentPostprocessing = 0;
		};
/* End PBXResourcesBuildPhase section */

/* Begin PBXShellScriptBuildPhase section */
		AC7A2A5A2C97BDC6003FA811 /* Run Script */ = {
			isa = PBXShellScriptBuildPhase;
			alwaysOutOfDate = 1;
			buildActionMask = 12;
			files = (
			);
			inputFileListPaths = (
			);
			inputPaths = (
			);
			name = "Run Script";
			outputFileListPaths = (
			);
			outputPaths = (
			);
			runOnlyForDeploymentPostprocessing = 0;
			shellPath = /bin/sh;
			shellScript = "# Type a script or drag a script file from your workspace to insert its path.\nif [[ \"$(uname -m)\" == arm64 ]]; then\n    export PATH=\"/opt/homebrew/bin:$PATH\"\nfi\n\nif which swiftlint > /dev/null; then\n  swiftlint\nelse\n  echo \"warning: SwiftLint not installed, download from https://github.com/realm/SwiftLint\"\nfi\n";
		};
/* End PBXShellScriptBuildPhase section */

/* Begin PBXSourcesBuildPhase section */
		ACFCA3492C916C8F00643A2E /* Sources */ = {
			isa = PBXSourcesBuildPhase;
			buildActionMask = 2147483647;
			files = (
				AC97757B2CA9899200EF828A /* AwardTableViewCell.swift in Sources */,
				AC18F8392CABA42D004E8868 /* AwardLabelView.swift in Sources */,
				AC18F8412CAD1200004E8868 /* ArticleTripViewController.swift in Sources */,
				AC27ACBD2C92FB9300B73485 /* CollectionsViewController.swift in Sources */,
				AC9775662CA43B4900EF828A /* TestVC.swift in Sources */,
				AC7A2A852C9C4C97003FA811 /* UserTableViewCell.swift in Sources */,
				AC18F83B2CABDA28004E8868 /* LocationService.swift in Sources */,
				AC7A2A762C9A6857003FA811 /* ArticleViewController.swift in Sources */,
				AC7A2A6C2C984853003FA811 /* firebaseManager.swift in Sources */,
				AC27ACC52C93006A00B73485 /* UserViewController.swift in Sources */,
				AC7A2A432C93EA0A003FA811 /* LocationManager.swift in Sources */,
				AC7A2A512C957F87003FA811 /* Extension+UIStackView.swift in Sources */,
				AC97756C2CA45DE500EF828A /* poemLocationNLP3.mlmodel in Sources */,
				AC7A2A5C2C97C59A003FA811 /* PostViewController.swift in Sources */,
				AC27ACC12C92FF5A00B73485 /* EstablishViewController.swift in Sources */,
				AC97757D2CA98F5F00EF828A /* MilestoneProgressView.swift in Sources */,
				AC97756F2CA5501A00EF828A /* PlaceDataManager.swift in Sources */,
				AC7A2A592C97AF17003FA811 /* Extension+String.swift in Sources */,
				AC9775602CA3004C00EF828A /* UserProfileViewController.swift in Sources */,
				AC9775732CA6F08B00EF828A /* PhotoUploadViewController.swift in Sources */,
				ACFCA35B2C916C8F00643A2E /* RoaMuse.xcdatamodeld in Sources */,
				AC7A2A492C94384D003FA811 /* DataModel.swift in Sources */,
				AC7A2A6A2C9821E6003FA811 /* CollectionsTableViewCell.swift in Sources */,
				AC18F8372CAB986A004E8868 /* DropdownMenu.swift in Sources */,
				ACFCA3552C916C8F00643A2E /* HomeViewController.swift in Sources */,
				AC7A2A782C9A6ACE003FA811 /* TestFile.swift in Sources */,
				AC7A2A4F2C949386003FA811 /* PopUpView.swift in Sources */,
				AC7A2A812C9AB40C003FA811 /* StyleTableViewCell.swift in Sources */,
				AC7A2A572C97A606003FA811 /* FirstViewController.swift in Sources */,
				AC9775772CA9831C00EF828A /* TripCallOutView.swift in Sources */,
				AC7A2A662C97D28E003FA811 /* PostsTableViewCell.swift in Sources */,
				AC7A2A8B2C9D5E47003FA811 /* CommentTableViewCell.swift in Sources */,
				AC9775792CA987F900EF828A /* AwardsViewController.swift in Sources */,
				AC7A2A532C9587F9003FA811 /* TripDetailViewController.swift in Sources */,
				AC7A2A892C9D1C92003FA811 /* DateManager.swift in Sources */,
				ACFCA3512C916C8F00643A2E /* AppDelegate.swift in Sources */,
				AC7A2A832C9AE4C3003FA811 /* TripDetailWithPlaceTableViewCell.swift in Sources */,
				AC27ACBB2C92FB2E00B73485 /* TabBarController.swift in Sources */,
				AC7A2A552C9725AE003FA811 /* LoginViewController.swift in Sources */,
				ACFCA3532C916C8F00643A2E /* SceneDelegate.swift in Sources */,
				AC27ACC32C93004C00B73485 /* NewsFeedViewController.swift in Sources */,
				AC9775752CA7E22100EF828A /* MapViewController.swift in Sources */,
			);
			runOnlyForDeploymentPostprocessing = 0;
		};
		ACFCA3622C916C9000643A2E /* Sources */ = {
			isa = PBXSourcesBuildPhase;
			buildActionMask = 2147483647;
			files = (
				ACFCA36B2C916C9000643A2E /* RoaMuseTests.swift in Sources */,
			);
			runOnlyForDeploymentPostprocessing = 0;
		};
		ACFCA36C2C916C9000643A2E /* Sources */ = {
			isa = PBXSourcesBuildPhase;
			buildActionMask = 2147483647;
			files = (
				ACFCA3752C916C9000643A2E /* RoaMuseUITests.swift in Sources */,
				ACFCA3772C916C9000643A2E /* RoaMuseUITestsLaunchTests.swift in Sources */,
			);
			runOnlyForDeploymentPostprocessing = 0;
		};
/* End PBXSourcesBuildPhase section */

/* Begin PBXTargetDependency section */
		ACFCA3682C916C9000643A2E /* PBXTargetDependency */ = {
			isa = PBXTargetDependency;
			target = ACFCA34C2C916C8F00643A2E /* RoaMuse */;
			targetProxy = ACFCA3672C916C9000643A2E /* PBXContainerItemProxy */;
		};
		ACFCA3722C916C9000643A2E /* PBXTargetDependency */ = {
			isa = PBXTargetDependency;
			target = ACFCA34C2C916C8F00643A2E /* RoaMuse */;
			targetProxy = ACFCA3712C916C9000643A2E /* PBXContainerItemProxy */;
		};
/* End PBXTargetDependency section */

/* Begin PBXVariantGroup section */
		ACFCA3562C916C8F00643A2E /* Main.storyboard */ = {
			isa = PBXVariantGroup;
			children = (
				ACFCA3572C916C8F00643A2E /* Base */,
			);
			name = Main.storyboard;
			sourceTree = "<group>";
		};
		ACFCA35E2C916C9000643A2E /* LaunchScreen.storyboard */ = {
			isa = PBXVariantGroup;
			children = (
				ACFCA35F2C916C9000643A2E /* Base */,
			);
			name = LaunchScreen.storyboard;
			sourceTree = "<group>";
		};
/* End PBXVariantGroup section */

/* Begin XCBuildConfiguration section */
		ACFCA3782C916C9000643A2E /* Debug */ = {
			isa = XCBuildConfiguration;
			baseConfigurationReference = AC97756D2CA52A9300EF828A /* Config.xcconfig */;
			buildSettings = {
				ALWAYS_SEARCH_USER_PATHS = NO;
				ASSETCATALOG_COMPILER_GENERATE_SWIFT_ASSET_SYMBOL_EXTENSIONS = YES;
				CLANG_ANALYZER_NONNULL = YES;
				CLANG_ANALYZER_NUMBER_OBJECT_CONVERSION = YES_AGGRESSIVE;
				CLANG_CXX_LANGUAGE_STANDARD = "gnu++20";
				CLANG_ENABLE_MODULES = YES;
				CLANG_ENABLE_OBJC_ARC = YES;
				CLANG_ENABLE_OBJC_WEAK = YES;
				CLANG_WARN_BLOCK_CAPTURE_AUTORELEASING = YES;
				CLANG_WARN_BOOL_CONVERSION = YES;
				CLANG_WARN_COMMA = YES;
				CLANG_WARN_CONSTANT_CONVERSION = YES;
				CLANG_WARN_DEPRECATED_OBJC_IMPLEMENTATIONS = YES;
				CLANG_WARN_DIRECT_OBJC_ISA_USAGE = YES_ERROR;
				CLANG_WARN_DOCUMENTATION_COMMENTS = YES;
				CLANG_WARN_EMPTY_BODY = YES;
				CLANG_WARN_ENUM_CONVERSION = YES;
				CLANG_WARN_INFINITE_RECURSION = YES;
				CLANG_WARN_INT_CONVERSION = YES;
				CLANG_WARN_NON_LITERAL_NULL_CONVERSION = YES;
				CLANG_WARN_OBJC_IMPLICIT_RETAIN_SELF = YES;
				CLANG_WARN_OBJC_LITERAL_CONVERSION = YES;
				CLANG_WARN_OBJC_ROOT_CLASS = YES_ERROR;
				CLANG_WARN_QUOTED_INCLUDE_IN_FRAMEWORK_HEADER = YES;
				CLANG_WARN_RANGE_LOOP_ANALYSIS = YES;
				CLANG_WARN_STRICT_PROTOTYPES = YES;
				CLANG_WARN_SUSPICIOUS_MOVE = YES;
				CLANG_WARN_UNGUARDED_AVAILABILITY = YES_AGGRESSIVE;
				CLANG_WARN_UNREACHABLE_CODE = YES;
				CLANG_WARN__DUPLICATE_METHOD_MATCH = YES;
				COPY_PHASE_STRIP = NO;
				DEBUG_INFORMATION_FORMAT = dwarf;
				ENABLE_STRICT_OBJC_MSGSEND = YES;
				ENABLE_TESTABILITY = YES;
				ENABLE_USER_SCRIPT_SANDBOXING = NO;
				GCC_C_LANGUAGE_STANDARD = gnu17;
				GCC_DYNAMIC_NO_PIC = NO;
				GCC_NO_COMMON_BLOCKS = YES;
				GCC_OPTIMIZATION_LEVEL = 0;
				GCC_PREPROCESSOR_DEFINITIONS = (
					"DEBUG=1",
					"$(inherited)",
				);
				GCC_WARN_64_TO_32_BIT_CONVERSION = YES;
				GCC_WARN_ABOUT_RETURN_TYPE = YES_ERROR;
				GCC_WARN_UNDECLARED_SELECTOR = YES;
				GCC_WARN_UNINITIALIZED_AUTOS = YES_AGGRESSIVE;
				GCC_WARN_UNUSED_FUNCTION = YES;
				GCC_WARN_UNUSED_VARIABLE = YES;
				IPHONEOS_DEPLOYMENT_TARGET = 17.5;
				LOCALIZATION_PREFERS_STRING_CATALOGS = YES;
				MTL_ENABLE_DEBUG_INFO = INCLUDE_SOURCE;
				MTL_FAST_MATH = YES;
				ONLY_ACTIVE_ARCH = YES;
				SDKROOT = iphoneos;
				SWIFT_ACTIVE_COMPILATION_CONDITIONS = "DEBUG $(inherited)";
				SWIFT_OPTIMIZATION_LEVEL = "-Onone";
			};
			name = Debug;
		};
		ACFCA3792C916C9000643A2E /* Release */ = {
			isa = XCBuildConfiguration;
			baseConfigurationReference = AC97756D2CA52A9300EF828A /* Config.xcconfig */;
			buildSettings = {
				ALWAYS_SEARCH_USER_PATHS = NO;
				ASSETCATALOG_COMPILER_GENERATE_SWIFT_ASSET_SYMBOL_EXTENSIONS = YES;
				CLANG_ANALYZER_NONNULL = YES;
				CLANG_ANALYZER_NUMBER_OBJECT_CONVERSION = YES_AGGRESSIVE;
				CLANG_CXX_LANGUAGE_STANDARD = "gnu++20";
				CLANG_ENABLE_MODULES = YES;
				CLANG_ENABLE_OBJC_ARC = YES;
				CLANG_ENABLE_OBJC_WEAK = YES;
				CLANG_WARN_BLOCK_CAPTURE_AUTORELEASING = YES;
				CLANG_WARN_BOOL_CONVERSION = YES;
				CLANG_WARN_COMMA = YES;
				CLANG_WARN_CONSTANT_CONVERSION = YES;
				CLANG_WARN_DEPRECATED_OBJC_IMPLEMENTATIONS = YES;
				CLANG_WARN_DIRECT_OBJC_ISA_USAGE = YES_ERROR;
				CLANG_WARN_DOCUMENTATION_COMMENTS = YES;
				CLANG_WARN_EMPTY_BODY = YES;
				CLANG_WARN_ENUM_CONVERSION = YES;
				CLANG_WARN_INFINITE_RECURSION = YES;
				CLANG_WARN_INT_CONVERSION = YES;
				CLANG_WARN_NON_LITERAL_NULL_CONVERSION = YES;
				CLANG_WARN_OBJC_IMPLICIT_RETAIN_SELF = YES;
				CLANG_WARN_OBJC_LITERAL_CONVERSION = YES;
				CLANG_WARN_OBJC_ROOT_CLASS = YES_ERROR;
				CLANG_WARN_QUOTED_INCLUDE_IN_FRAMEWORK_HEADER = YES;
				CLANG_WARN_RANGE_LOOP_ANALYSIS = YES;
				CLANG_WARN_STRICT_PROTOTYPES = YES;
				CLANG_WARN_SUSPICIOUS_MOVE = YES;
				CLANG_WARN_UNGUARDED_AVAILABILITY = YES_AGGRESSIVE;
				CLANG_WARN_UNREACHABLE_CODE = YES;
				CLANG_WARN__DUPLICATE_METHOD_MATCH = YES;
				COPY_PHASE_STRIP = NO;
				DEBUG_INFORMATION_FORMAT = "dwarf-with-dsym";
				ENABLE_NS_ASSERTIONS = NO;
				ENABLE_STRICT_OBJC_MSGSEND = YES;
				ENABLE_USER_SCRIPT_SANDBOXING = NO;
				GCC_C_LANGUAGE_STANDARD = gnu17;
				GCC_NO_COMMON_BLOCKS = YES;
				GCC_WARN_64_TO_32_BIT_CONVERSION = YES;
				GCC_WARN_ABOUT_RETURN_TYPE = YES_ERROR;
				GCC_WARN_UNDECLARED_SELECTOR = YES;
				GCC_WARN_UNINITIALIZED_AUTOS = YES_AGGRESSIVE;
				GCC_WARN_UNUSED_FUNCTION = YES;
				GCC_WARN_UNUSED_VARIABLE = YES;
				IPHONEOS_DEPLOYMENT_TARGET = 17.5;
				LOCALIZATION_PREFERS_STRING_CATALOGS = YES;
				MTL_ENABLE_DEBUG_INFO = NO;
				MTL_FAST_MATH = YES;
				SDKROOT = iphoneos;
				SWIFT_COMPILATION_MODE = wholemodule;
				VALIDATE_PRODUCT = YES;
			};
			name = Release;
		};
		ACFCA37B2C916C9000643A2E /* Debug */ = {
			isa = XCBuildConfiguration;
			baseConfigurationReference = AC97756D2CA52A9300EF828A /* Config.xcconfig */;
			buildSettings = {
				ASSETCATALOG_COMPILER_APPICON_NAME = AppIcon;
				ASSETCATALOG_COMPILER_GLOBAL_ACCENT_COLOR_NAME = AccentColor;
				ASSETCATALOG_COMPILER_INCLUDE_ALL_APPICON_ASSETS = YES;
				CODE_SIGN_ENTITLEMENTS = RoaMuse/RoaMuse.entitlements;
				CODE_SIGN_STYLE = Automatic;
				CURRENT_PROJECT_VERSION = 1;
				DEVELOPMENT_TEAM = 893UA9XLV2;
				GENERATE_INFOPLIST_FILE = YES;
				INFOPLIST_FILE = RoaMuse/Info.plist;
				INFOPLIST_KEY_NSLocationAlwaysUsageDescription = "我們需要您的位置信息來提供天氣服務";
				INFOPLIST_KEY_NSLocationWhenInUseUsageDescription = "我們需要您的位置信息來提供天氣服務";
				INFOPLIST_KEY_NSPhotoLibraryAddUsageDescription = "我們需要權限來存取相簿中的照片。";
				INFOPLIST_KEY_NSPhotoLibraryUsageDescription = "我們需要存取您的相簿來顯示地點照片。";
				INFOPLIST_KEY_UIApplicationSupportsIndirectInputEvents = YES;
				INFOPLIST_KEY_UILaunchStoryboardName = LaunchScreen.storyboard;
				INFOPLIST_KEY_UIMainStoryboardFile = Main;
				INFOPLIST_KEY_UISupportedInterfaceOrientations_iPad = "UIInterfaceOrientationPortrait UIInterfaceOrientationPortraitUpsideDown UIInterfaceOrientationLandscapeLeft UIInterfaceOrientationLandscapeRight";
				INFOPLIST_KEY_UISupportedInterfaceOrientations_iPhone = "UIInterfaceOrientationPortrait UIInterfaceOrientationLandscapeLeft UIInterfaceOrientationLandscapeRight";
				IPHONEOS_DEPLOYMENT_TARGET = 17.0;
				LD_RUNPATH_SEARCH_PATHS = (
					"$(inherited)",
					"@executable_path/Frameworks",
				);
				MARKETING_VERSION = 1.0;
				PRODUCT_BUNDLE_IDENTIFIER = com.tzuyencheng.RoaMuse;
				PRODUCT_NAME = "$(TARGET_NAME)";
				SUPPORTED_PLATFORMS = "iphoneos iphonesimulator";
				SUPPORTS_MACCATALYST = NO;
				SWIFT_EMIT_LOC_STRINGS = YES;
				SWIFT_VERSION = 5.0;
				TARGETED_DEVICE_FAMILY = 1;
			};
			name = Debug;
		};
		ACFCA37C2C916C9000643A2E /* Release */ = {
			isa = XCBuildConfiguration;
			baseConfigurationReference = AC97756D2CA52A9300EF828A /* Config.xcconfig */;
			buildSettings = {
				ASSETCATALOG_COMPILER_APPICON_NAME = AppIcon;
				ASSETCATALOG_COMPILER_GLOBAL_ACCENT_COLOR_NAME = AccentColor;
				ASSETCATALOG_COMPILER_INCLUDE_ALL_APPICON_ASSETS = YES;
				CODE_SIGN_ENTITLEMENTS = RoaMuse/RoaMuse.entitlements;
				CODE_SIGN_STYLE = Automatic;
				CURRENT_PROJECT_VERSION = 1;
				DEVELOPMENT_TEAM = 893UA9XLV2;
				GENERATE_INFOPLIST_FILE = YES;
				INFOPLIST_FILE = RoaMuse/Info.plist;
				INFOPLIST_KEY_NSLocationAlwaysUsageDescription = "我們需要您的位置信息來提供天氣服務";
				INFOPLIST_KEY_NSLocationWhenInUseUsageDescription = "我們需要您的位置信息來提供天氣服務";
				INFOPLIST_KEY_NSPhotoLibraryAddUsageDescription = "我們需要權限來存取相簿中的照片。";
				INFOPLIST_KEY_NSPhotoLibraryUsageDescription = "我們需要存取您的相簿來顯示地點照片。";
				INFOPLIST_KEY_UIApplicationSupportsIndirectInputEvents = YES;
				INFOPLIST_KEY_UILaunchStoryboardName = LaunchScreen.storyboard;
				INFOPLIST_KEY_UIMainStoryboardFile = Main;
				INFOPLIST_KEY_UISupportedInterfaceOrientations_iPad = "UIInterfaceOrientationPortrait UIInterfaceOrientationPortraitUpsideDown UIInterfaceOrientationLandscapeLeft UIInterfaceOrientationLandscapeRight";
				INFOPLIST_KEY_UISupportedInterfaceOrientations_iPhone = "UIInterfaceOrientationPortrait UIInterfaceOrientationLandscapeLeft UIInterfaceOrientationLandscapeRight";
				IPHONEOS_DEPLOYMENT_TARGET = 17.0;
				LD_RUNPATH_SEARCH_PATHS = (
					"$(inherited)",
					"@executable_path/Frameworks",
				);
				MARKETING_VERSION = 1.0;
				PRODUCT_BUNDLE_IDENTIFIER = com.tzuyencheng.RoaMuse;
				PRODUCT_NAME = "$(TARGET_NAME)";
				SUPPORTED_PLATFORMS = "iphoneos iphonesimulator";
				SUPPORTS_MACCATALYST = NO;
				SWIFT_EMIT_LOC_STRINGS = YES;
				SWIFT_VERSION = 5.0;
				TARGETED_DEVICE_FAMILY = 1;
			};
			name = Release;
		};
		ACFCA37E2C916C9000643A2E /* Debug */ = {
			isa = XCBuildConfiguration;
			baseConfigurationReference = AC97756D2CA52A9300EF828A /* Config.xcconfig */;
			buildSettings = {
				ALWAYS_EMBED_SWIFT_STANDARD_LIBRARIES = YES;
				BUNDLE_LOADER = "$(TEST_HOST)";
				CODE_SIGN_STYLE = Automatic;
				CURRENT_PROJECT_VERSION = 1;
				DEVELOPMENT_TEAM = 893UA9XLV2;
				GENERATE_INFOPLIST_FILE = YES;
				IPHONEOS_DEPLOYMENT_TARGET = 17.5;
				MARKETING_VERSION = 1.0;
				PRODUCT_BUNDLE_IDENTIFIER = com.tzuyencheng.RoaMuseTests;
				PRODUCT_NAME = "$(TARGET_NAME)";
				SWIFT_EMIT_LOC_STRINGS = NO;
				SWIFT_VERSION = 5.0;
				TARGETED_DEVICE_FAMILY = "1,2";
				TEST_HOST = "$(BUILT_PRODUCTS_DIR)/RoaMuse.app/$(BUNDLE_EXECUTABLE_FOLDER_PATH)/RoaMuse";
			};
			name = Debug;
		};
		ACFCA37F2C916C9000643A2E /* Release */ = {
			isa = XCBuildConfiguration;
			baseConfigurationReference = AC97756D2CA52A9300EF828A /* Config.xcconfig */;
			buildSettings = {
				ALWAYS_EMBED_SWIFT_STANDARD_LIBRARIES = YES;
				BUNDLE_LOADER = "$(TEST_HOST)";
				CODE_SIGN_STYLE = Automatic;
				CURRENT_PROJECT_VERSION = 1;
				DEVELOPMENT_TEAM = 893UA9XLV2;
				GENERATE_INFOPLIST_FILE = YES;
				IPHONEOS_DEPLOYMENT_TARGET = 17.5;
				MARKETING_VERSION = 1.0;
				PRODUCT_BUNDLE_IDENTIFIER = com.tzuyencheng.RoaMuseTests;
				PRODUCT_NAME = "$(TARGET_NAME)";
				SWIFT_EMIT_LOC_STRINGS = NO;
				SWIFT_VERSION = 5.0;
				TARGETED_DEVICE_FAMILY = "1,2";
				TEST_HOST = "$(BUILT_PRODUCTS_DIR)/RoaMuse.app/$(BUNDLE_EXECUTABLE_FOLDER_PATH)/RoaMuse";
			};
			name = Release;
		};
		ACFCA3812C916C9000643A2E /* Debug */ = {
			isa = XCBuildConfiguration;
			baseConfigurationReference = AC97756D2CA52A9300EF828A /* Config.xcconfig */;
			buildSettings = {
				ALWAYS_EMBED_SWIFT_STANDARD_LIBRARIES = YES;
				CODE_SIGN_STYLE = Automatic;
				CURRENT_PROJECT_VERSION = 1;
				DEVELOPMENT_TEAM = 893UA9XLV2;
				GENERATE_INFOPLIST_FILE = YES;
				MARKETING_VERSION = 1.0;
				PRODUCT_BUNDLE_IDENTIFIER = com.tzuyencheng.RoaMuseUITests;
				PRODUCT_NAME = "$(TARGET_NAME)";
				SWIFT_EMIT_LOC_STRINGS = NO;
				SWIFT_VERSION = 5.0;
				TARGETED_DEVICE_FAMILY = "1,2";
				TEST_TARGET_NAME = RoaMuse;
			};
			name = Debug;
		};
		ACFCA3822C916C9000643A2E /* Release */ = {
			isa = XCBuildConfiguration;
			baseConfigurationReference = AC97756D2CA52A9300EF828A /* Config.xcconfig */;
			buildSettings = {
				ALWAYS_EMBED_SWIFT_STANDARD_LIBRARIES = YES;
				CODE_SIGN_STYLE = Automatic;
				CURRENT_PROJECT_VERSION = 1;
				DEVELOPMENT_TEAM = 893UA9XLV2;
				GENERATE_INFOPLIST_FILE = YES;
				MARKETING_VERSION = 1.0;
				PRODUCT_BUNDLE_IDENTIFIER = com.tzuyencheng.RoaMuseUITests;
				PRODUCT_NAME = "$(TARGET_NAME)";
				SWIFT_EMIT_LOC_STRINGS = NO;
				SWIFT_VERSION = 5.0;
				TARGETED_DEVICE_FAMILY = "1,2";
				TEST_TARGET_NAME = RoaMuse;
			};
			name = Release;
		};
/* End XCBuildConfiguration section */

/* Begin XCConfigurationList section */
		ACFCA3482C916C8F00643A2E /* Build configuration list for PBXProject "RoaMuse" */ = {
			isa = XCConfigurationList;
			buildConfigurations = (
				ACFCA3782C916C9000643A2E /* Debug */,
				ACFCA3792C916C9000643A2E /* Release */,
			);
			defaultConfigurationIsVisible = 0;
			defaultConfigurationName = Release;
		};
		ACFCA37A2C916C9000643A2E /* Build configuration list for PBXNativeTarget "RoaMuse" */ = {
			isa = XCConfigurationList;
			buildConfigurations = (
				ACFCA37B2C916C9000643A2E /* Debug */,
				ACFCA37C2C916C9000643A2E /* Release */,
			);
			defaultConfigurationIsVisible = 0;
			defaultConfigurationName = Release;
		};
		ACFCA37D2C916C9000643A2E /* Build configuration list for PBXNativeTarget "RoaMuseTests" */ = {
			isa = XCConfigurationList;
			buildConfigurations = (
				ACFCA37E2C916C9000643A2E /* Debug */,
				ACFCA37F2C916C9000643A2E /* Release */,
			);
			defaultConfigurationIsVisible = 0;
			defaultConfigurationName = Release;
		};
		ACFCA3802C916C9000643A2E /* Build configuration list for PBXNativeTarget "RoaMuseUITests" */ = {
			isa = XCConfigurationList;
			buildConfigurations = (
				ACFCA3812C916C9000643A2E /* Debug */,
				ACFCA3822C916C9000643A2E /* Release */,
			);
			defaultConfigurationIsVisible = 0;
			defaultConfigurationName = Release;
		};
/* End XCConfigurationList section */

/* Begin XCRemoteSwiftPackageReference section */
		AC27ACAD2C91E16B00B73485 /* XCRemoteSwiftPackageReference "Alamofire" */ = {
			isa = XCRemoteSwiftPackageReference;
			repositoryURL = "https://github.com/Alamofire/Alamofire.git";
			requirement = {
				kind = upToNextMajorVersion;
				minimumVersion = 5.9.1;
			};
		};
		AC27ACB02C91E17400B73485 /* XCRemoteSwiftPackageReference "SnapKit" */ = {
			isa = XCRemoteSwiftPackageReference;
			repositoryURL = "https://github.com/SnapKit/SnapKit.git";
			requirement = {
				kind = upToNextMajorVersion;
				minimumVersion = 5.7.1;
			};
		};
		AC27ACB32C91E26900B73485 /* XCRemoteSwiftPackageReference "firebase-ios-sdk" */ = {
			isa = XCRemoteSwiftPackageReference;
			repositoryURL = "https://github.com/firebase/firebase-ios-sdk";
			requirement = {
				kind = upToNextMajorVersion;
				minimumVersion = 11.2.0;
			};
		};
		AC7A2A722C99DEED003FA811 /* XCRemoteSwiftPackageReference "MJRefresh" */ = {
			isa = XCRemoteSwiftPackageReference;
			repositoryURL = "https://github.com/CoderMJLee/MJRefresh.git";
			requirement = {
				kind = upToNextMajorVersion;
				minimumVersion = 3.7.9;
			};
		};
		AC7A2A7D2C9A9ECF003FA811 /* XCRemoteSwiftPackageReference "IQKeyboardManager" */ = {
			isa = XCRemoteSwiftPackageReference;
			repositoryURL = "https://github.com/hackiftekhar/IQKeyboardManager.git";
			requirement = {
				kind = upToNextMajorVersion;
				minimumVersion = 7.1.1;
			};
		};
		AC7A2A8C2C9F23B1003FA811 /* XCRemoteSwiftPackageReference "Kingfisher" */ = {
			isa = XCRemoteSwiftPackageReference;
			repositoryURL = "https://github.com/onevcat/Kingfisher.git";
			requirement = {
				kind = upToNextMajorVersion;
				minimumVersion = 8.0.3;
			};
		};
/* End XCRemoteSwiftPackageReference section */

/* Begin XCSwiftPackageProductDependency section */
		AC27ACAE2C91E16B00B73485 /* Alamofire */ = {
			isa = XCSwiftPackageProductDependency;
			package = AC27ACAD2C91E16B00B73485 /* XCRemoteSwiftPackageReference "Alamofire" */;
			productName = Alamofire;
		};
		AC27ACB12C91E17400B73485 /* SnapKit */ = {
			isa = XCSwiftPackageProductDependency;
			package = AC27ACB02C91E17400B73485 /* XCRemoteSwiftPackageReference "SnapKit" */;
			productName = SnapKit;
		};
		AC27ACB42C91E26900B73485 /* FirebaseAuth */ = {
			isa = XCSwiftPackageProductDependency;
			package = AC27ACB32C91E26900B73485 /* XCRemoteSwiftPackageReference "firebase-ios-sdk" */;
			productName = FirebaseAuth;
		};
		AC27ACB62C91E26900B73485 /* FirebaseFirestore */ = {
			isa = XCSwiftPackageProductDependency;
			package = AC27ACB32C91E26900B73485 /* XCRemoteSwiftPackageReference "firebase-ios-sdk" */;
			productName = FirebaseFirestore;
		};
		AC27ACB82C91E26900B73485 /* FirebaseStorage */ = {
			isa = XCSwiftPackageProductDependency;
			package = AC27ACB32C91E26900B73485 /* XCRemoteSwiftPackageReference "firebase-ios-sdk" */;
			productName = FirebaseStorage;
		};
		AC7A2A732C99DEED003FA811 /* MJRefresh */ = {
			isa = XCSwiftPackageProductDependency;
			package = AC7A2A722C99DEED003FA811 /* XCRemoteSwiftPackageReference "MJRefresh" */;
			productName = MJRefresh;
		};
		AC7A2A7E2C9A9ECF003FA811 /* IQKeyboardManagerSwift */ = {
			isa = XCSwiftPackageProductDependency;
			package = AC7A2A7D2C9A9ECF003FA811 /* XCRemoteSwiftPackageReference "IQKeyboardManager" */;
			productName = IQKeyboardManagerSwift;
		};
		AC7A2A8D2C9F23B1003FA811 /* Kingfisher */ = {
			isa = XCSwiftPackageProductDependency;
			package = AC7A2A8C2C9F23B1003FA811 /* XCRemoteSwiftPackageReference "Kingfisher" */;
			productName = Kingfisher;
		};
/* End XCSwiftPackageProductDependency section */

/* Begin XCVersionGroup section */
		ACFCA3592C916C8F00643A2E /* RoaMuse.xcdatamodeld */ = {
			isa = XCVersionGroup;
			children = (
				ACFCA35A2C916C8F00643A2E /* RoaMuse.xcdatamodel */,
			);
			currentVersion = ACFCA35A2C916C8F00643A2E /* RoaMuse.xcdatamodel */;
			path = RoaMuse.xcdatamodeld;
			sourceTree = "<group>";
			versionGroupType = wrapper.xcdatamodel;
		};
/* End XCVersionGroup section */
	};
	rootObject = ACFCA3452C916C8F00643A2E /* Project object */;
}
